// !$*UTF8*$!
{
	archiveVersion = 1;
	classes = {
	};
	objectVersion = 50;
	objects = {

/* Begin PBXBuildFile section */
		E70013732410652800CC0D81 /* MockDataTransport.swift in Sources */ = {isa = PBXBuildFile; fileRef = E70013722410652800CC0D81 /* MockDataTransport.swift */; };
		E70013962412F12E00CC0D81 /* URLRequest+Actions.swift in Sources */ = {isa = PBXBuildFile; fileRef = E70013952412F12E00CC0D81 /* URLRequest+Actions.swift */; };
		E70013982412F5EC00CC0D81 /* URLRequest+Factory.swift in Sources */ = {isa = PBXBuildFile; fileRef = E70013972412F5EC00CC0D81 /* URLRequest+Factory.swift */; };
		E700139A2412F60B00CC0D81 /* URLRequest+Headers.swift in Sources */ = {isa = PBXBuildFile; fileRef = E70013992412F60B00CC0D81 /* URLRequest+Headers.swift */; };
		E700139C2412F79400CC0D81 /* URLRequestFactoryTests.swift in Sources */ = {isa = PBXBuildFile; fileRef = E700139B2412F79400CC0D81 /* URLRequestFactoryTests.swift */; };
		E741AEEE23A94B480074041B /* DataTransport.swift in Sources */ = {isa = PBXBuildFile; fileRef = E741AEED23A94B470074041B /* DataTransport.swift */; };
		E7F998A123568FDD00D69078 /* Delorian.framework in Frameworks */ = {isa = PBXBuildFile; fileRef = E7F9989723568FDD00D69078 /* Delorian.framework */; };
		E7F998A623568FDD00D69078 /* DelorianTests.swift in Sources */ = {isa = PBXBuildFile; fileRef = E7F998A523568FDD00D69078 /* DelorianTests.swift */; };
		E7F998A823568FDD00D69078 /* Delorian.h in Headers */ = {isa = PBXBuildFile; fileRef = E7F9989A23568FDD00D69078 /* Delorian.h */; settings = {ATTRIBUTES = (Public, ); }; };
		E7F998B32356905900D69078 /* Future.swift in Sources */ = {isa = PBXBuildFile; fileRef = E7F998B22356905900D69078 /* Future.swift */; };
		E7F998B5235690E300D69078 /* FutureTests.swift in Sources */ = {isa = PBXBuildFile; fileRef = E7F998B4235690E300D69078 /* FutureTests.swift */; };
		E7F998B72356920600D69078 /* Result+Convience.swift in Sources */ = {isa = PBXBuildFile; fileRef = E7F998B62356920600D69078 /* Result+Convience.swift */; };
		E7F998E52357648C00D69078 /* MockError.swift in Sources */ = {isa = PBXBuildFile; fileRef = E7F998E42357648C00D69078 /* MockError.swift */; };
/* End PBXBuildFile section */

/* Begin PBXContainerItemProxy section */
		E7F998A223568FDD00D69078 /* PBXContainerItemProxy */ = {
			isa = PBXContainerItemProxy;
			containerPortal = E7F9988E23568FDD00D69078 /* Project object */;
			proxyType = 1;
			remoteGlobalIDString = E7F9989623568FDD00D69078;
			remoteInfo = Delorian;
		};
/* End PBXContainerItemProxy section */

/* Begin PBXFileReference section */
		E70013722410652800CC0D81 /* MockDataTransport.swift */ = {isa = PBXFileReference; lastKnownFileType = sourcecode.swift; path = MockDataTransport.swift; sourceTree = "<group>"; };
		E70013952412F12E00CC0D81 /* URLRequest+Actions.swift */ = {isa = PBXFileReference; lastKnownFileType = sourcecode.swift; path = "URLRequest+Actions.swift"; sourceTree = "<group>"; };
		E70013972412F5EC00CC0D81 /* URLRequest+Factory.swift */ = {isa = PBXFileReference; lastKnownFileType = sourcecode.swift; path = "URLRequest+Factory.swift"; sourceTree = "<group>"; };
		E70013992412F60B00CC0D81 /* URLRequest+Headers.swift */ = {isa = PBXFileReference; lastKnownFileType = sourcecode.swift; path = "URLRequest+Headers.swift"; sourceTree = "<group>"; };
		E700139B2412F79400CC0D81 /* URLRequestFactoryTests.swift */ = {isa = PBXFileReference; lastKnownFileType = sourcecode.swift; path = URLRequestFactoryTests.swift; sourceTree = "<group>"; };
		E741AEED23A94B470074041B /* DataTransport.swift */ = {isa = PBXFileReference; lastKnownFileType = sourcecode.swift; path = DataTransport.swift; sourceTree = "<group>"; };
		E7F9989723568FDD00D69078 /* Delorian.framework */ = {isa = PBXFileReference; explicitFileType = wrapper.framework; includeInIndex = 0; path = Delorian.framework; sourceTree = BUILT_PRODUCTS_DIR; };
		E7F9989A23568FDD00D69078 /* Delorian.h */ = {isa = PBXFileReference; lastKnownFileType = sourcecode.c.h; path = Delorian.h; sourceTree = "<group>"; };
		E7F9989B23568FDD00D69078 /* Info.plist */ = {isa = PBXFileReference; lastKnownFileType = text.plist.xml; path = Info.plist; sourceTree = "<group>"; };
		E7F998A023568FDD00D69078 /* DelorianTests.xctest */ = {isa = PBXFileReference; explicitFileType = wrapper.cfbundle; includeInIndex = 0; path = DelorianTests.xctest; sourceTree = BUILT_PRODUCTS_DIR; };
		E7F998A523568FDD00D69078 /* DelorianTests.swift */ = {isa = PBXFileReference; lastKnownFileType = sourcecode.swift; path = DelorianTests.swift; sourceTree = "<group>"; };
		E7F998A723568FDD00D69078 /* Info.plist */ = {isa = PBXFileReference; lastKnownFileType = text.plist.xml; path = Info.plist; sourceTree = "<group>"; };
		E7F998B22356905900D69078 /* Future.swift */ = {isa = PBXFileReference; lastKnownFileType = sourcecode.swift; path = Future.swift; sourceTree = "<group>"; };
		E7F998B4235690E300D69078 /* FutureTests.swift */ = {isa = PBXFileReference; lastKnownFileType = sourcecode.swift; path = FutureTests.swift; sourceTree = "<group>"; };
		E7F998B62356920600D69078 /* Result+Convience.swift */ = {isa = PBXFileReference; lastKnownFileType = sourcecode.swift; path = "Result+Convience.swift"; sourceTree = "<group>"; };
		E7F998E42357648C00D69078 /* MockError.swift */ = {isa = PBXFileReference; lastKnownFileType = sourcecode.swift; path = MockError.swift; sourceTree = "<group>"; };
/* End PBXFileReference section */

/* Begin PBXFrameworksBuildPhase section */
		E7F9989423568FDD00D69078 /* Frameworks */ = {
			isa = PBXFrameworksBuildPhase;
			buildActionMask = 2147483647;
			files = (
			);
			runOnlyForDeploymentPostprocessing = 0;
		};
		E7F9989D23568FDD00D69078 /* Frameworks */ = {
			isa = PBXFrameworksBuildPhase;
			buildActionMask = 2147483647;
			files = (
				E7F998A123568FDD00D69078 /* Delorian.framework in Frameworks */,
			);
			runOnlyForDeploymentPostprocessing = 0;
		};
/* End PBXFrameworksBuildPhase section */

/* Begin PBXGroup section */
		E7F9988D23568FDD00D69078 = {
			isa = PBXGroup;
			children = (
				E7F9989923568FDD00D69078 /* Delorian */,
				E7F998A423568FDD00D69078 /* DelorianTests */,
				E7F9989823568FDD00D69078 /* Products */,
			);
			sourceTree = "<group>";
		};
		E7F9989823568FDD00D69078 /* Products */ = {
			isa = PBXGroup;
			children = (
				E7F9989723568FDD00D69078 /* Delorian.framework */,
				E7F998A023568FDD00D69078 /* DelorianTests.xctest */,
			);
			name = Products;
			sourceTree = "<group>";
		};
		E7F9989923568FDD00D69078 /* Delorian */ = {
			isa = PBXGroup;
			children = (
				E7F998B12356904000D69078 /* Source */,
				E7F9989A23568FDD00D69078 /* Delorian.h */,
				E7F9989B23568FDD00D69078 /* Info.plist */,
			);
			path = Delorian;
			sourceTree = "<group>";
		};
		E7F998A423568FDD00D69078 /* DelorianTests */ = {
			isa = PBXGroup;
			children = (
				E7F998E32357647400D69078 /* Mocks */,
				E7F998A523568FDD00D69078 /* DelorianTests.swift */,
				E7F998B4235690E300D69078 /* FutureTests.swift */,
				E7F998A723568FDD00D69078 /* Info.plist */,
				E700139B2412F79400CC0D81 /* URLRequestFactoryTests.swift */,
			);
			path = DelorianTests;
			sourceTree = "<group>";
		};
		E7F998B12356904000D69078 /* Source */ = {
			isa = PBXGroup;
			children = (
				E7F998B22356905900D69078 /* Future.swift */,
				E7F998B62356920600D69078 /* Result+Convience.swift */,
				E741AEED23A94B470074041B /* DataTransport.swift */,
				E70013952412F12E00CC0D81 /* URLRequest+Actions.swift */,
				E70013972412F5EC00CC0D81 /* URLRequest+Factory.swift */,
				E70013992412F60B00CC0D81 /* URLRequest+Headers.swift */,
			);
			path = Source;
			sourceTree = "<group>";
		};
		E7F998E32357647400D69078 /* Mocks */ = {
			isa = PBXGroup;
			children = (
				E7F998E42357648C00D69078 /* MockError.swift */,
				E70013722410652800CC0D81 /* MockDataTransport.swift */,
			);
			path = Mocks;
			sourceTree = "<group>";
		};
/* End PBXGroup section */

/* Begin PBXHeadersBuildPhase section */
		E7F9989223568FDD00D69078 /* Headers */ = {
			isa = PBXHeadersBuildPhase;
			buildActionMask = 2147483647;
			files = (
				E7F998A823568FDD00D69078 /* Delorian.h in Headers */,
			);
			runOnlyForDeploymentPostprocessing = 0;
		};
/* End PBXHeadersBuildPhase section */

/* Begin PBXNativeTarget section */
		E7F9989623568FDD00D69078 /* Delorian */ = {
			isa = PBXNativeTarget;
			buildConfigurationList = E7F998AB23568FDD00D69078 /* Build configuration list for PBXNativeTarget "Delorian" */;
			buildPhases = (
				E7F9989223568FDD00D69078 /* Headers */,
				E7F9989323568FDD00D69078 /* Sources */,
				E7F9989423568FDD00D69078 /* Frameworks */,
				E7F9989523568FDD00D69078 /* Resources */,
			);
			buildRules = (
			);
			dependencies = (
			);
			name = Delorian;
			productName = Delorian;
			productReference = E7F9989723568FDD00D69078 /* Delorian.framework */;
			productType = "com.apple.product-type.framework";
		};
		E7F9989F23568FDD00D69078 /* DelorianTests */ = {
			isa = PBXNativeTarget;
			buildConfigurationList = E7F998AE23568FDD00D69078 /* Build configuration list for PBXNativeTarget "DelorianTests" */;
			buildPhases = (
				E7F9989C23568FDD00D69078 /* Sources */,
				E7F9989D23568FDD00D69078 /* Frameworks */,
				E7F9989E23568FDD00D69078 /* Resources */,
			);
			buildRules = (
			);
			dependencies = (
				E7F998A323568FDD00D69078 /* PBXTargetDependency */,
			);
			name = DelorianTests;
			productName = DelorianTests;
			productReference = E7F998A023568FDD00D69078 /* DelorianTests.xctest */;
			productType = "com.apple.product-type.bundle.unit-test";
		};
/* End PBXNativeTarget section */

/* Begin PBXProject section */
		E7F9988E23568FDD00D69078 /* Project object */ = {
			isa = PBXProject;
			attributes = {
				LastSwiftUpdateCheck = 1110;
				LastUpgradeCheck = 1110;
				ORGANIZATIONNAME = "George Webster";
				TargetAttributes = {
					E7F9989623568FDD00D69078 = {
						CreatedOnToolsVersion = 11.1;
						LastSwiftMigration = 1110;
					};
					E7F9989F23568FDD00D69078 = {
						CreatedOnToolsVersion = 11.1;
					};
				};
			};
			buildConfigurationList = E7F9989123568FDD00D69078 /* Build configuration list for PBXProject "Delorian" */;
			compatibilityVersion = "Xcode 9.3";
			developmentRegion = en;
			hasScannedForEncodings = 0;
			knownRegions = (
				en,
				Base,
			);
			mainGroup = E7F9988D23568FDD00D69078;
			productRefGroup = E7F9989823568FDD00D69078 /* Products */;
			projectDirPath = "";
			projectRoot = "";
			targets = (
				E7F9989623568FDD00D69078 /* Delorian */,
				E7F9989F23568FDD00D69078 /* DelorianTests */,
			);
		};
/* End PBXProject section */

/* Begin PBXResourcesBuildPhase section */
		E7F9989523568FDD00D69078 /* Resources */ = {
			isa = PBXResourcesBuildPhase;
			buildActionMask = 2147483647;
			files = (
			);
			runOnlyForDeploymentPostprocessing = 0;
		};
		E7F9989E23568FDD00D69078 /* Resources */ = {
			isa = PBXResourcesBuildPhase;
			buildActionMask = 2147483647;
			files = (
			);
			runOnlyForDeploymentPostprocessing = 0;
		};
/* End PBXResourcesBuildPhase section */

/* Begin PBXSourcesBuildPhase section */
		E7F9989323568FDD00D69078 /* Sources */ = {
			isa = PBXSourcesBuildPhase;
			buildActionMask = 2147483647;
			files = (
				E741AEEE23A94B480074041B /* DataTransport.swift in Sources */,
				E70013982412F5EC00CC0D81 /* URLRequest+Factory.swift in Sources */,
				E7F998B32356905900D69078 /* Future.swift in Sources */,
				E7F998B72356920600D69078 /* Result+Convience.swift in Sources */,
				E700139A2412F60B00CC0D81 /* URLRequest+Headers.swift in Sources */,
				E70013962412F12E00CC0D81 /* URLRequest+Actions.swift in Sources */,
			);
			runOnlyForDeploymentPostprocessing = 0;
		};
		E7F9989C23568FDD00D69078 /* Sources */ = {
			isa = PBXSourcesBuildPhase;
			buildActionMask = 2147483647;
			files = (
				E7F998B5235690E300D69078 /* FutureTests.swift in Sources */,
				E7F998E52357648C00D69078 /* MockError.swift in Sources */,
				E7F998A623568FDD00D69078 /* DelorianTests.swift in Sources */,
				E700139C2412F79400CC0D81 /* URLRequestFactoryTests.swift in Sources */,
				E70013732410652800CC0D81 /* MockDataTransport.swift in Sources */,
			);
			runOnlyForDeploymentPostprocessing = 0;
		};
/* End PBXSourcesBuildPhase section */

/* Begin PBXTargetDependency section */
		E7F998A323568FDD00D69078 /* PBXTargetDependency */ = {
			isa = PBXTargetDependency;
			target = E7F9989623568FDD00D69078 /* Delorian */;
			targetProxy = E7F998A223568FDD00D69078 /* PBXContainerItemProxy */;
		};
/* End PBXTargetDependency section */

/* Begin XCBuildConfiguration section */
		E7F998A923568FDD00D69078 /* Debug */ = {
			isa = XCBuildConfiguration;
			buildSettings = {
				ALWAYS_SEARCH_USER_PATHS = NO;
				CLANG_ANALYZER_NONNULL = YES;
				CLANG_ANALYZER_NUMBER_OBJECT_CONVERSION = YES_AGGRESSIVE;
				CLANG_CXX_LANGUAGE_STANDARD = "gnu++14";
				CLANG_CXX_LIBRARY = "libc++";
				CLANG_ENABLE_MODULES = YES;
				CLANG_ENABLE_OBJC_ARC = YES;
				CLANG_ENABLE_OBJC_WEAK = YES;
				CLANG_WARN_BLOCK_CAPTURE_AUTORELEASING = YES;
				CLANG_WARN_BOOL_CONVERSION = YES;
				CLANG_WARN_COMMA = YES;
				CLANG_WARN_CONSTANT_CONVERSION = YES;
				CLANG_WARN_DEPRECATED_OBJC_IMPLEMENTATIONS = YES;
				CLANG_WARN_DIRECT_OBJC_ISA_USAGE = YES_ERROR;
				CLANG_WARN_DOCUMENTATION_COMMENTS = YES;
				CLANG_WARN_EMPTY_BODY = YES;
				CLANG_WARN_ENUM_CONVERSION = YES;
				CLANG_WARN_INFINITE_RECURSION = YES;
				CLANG_WARN_INT_CONVERSION = YES;
				CLANG_WARN_NON_LITERAL_NULL_CONVERSION = YES;
				CLANG_WARN_OBJC_IMPLICIT_RETAIN_SELF = YES;
				CLANG_WARN_OBJC_LITERAL_CONVERSION = YES;
				CLANG_WARN_OBJC_ROOT_CLASS = YES_ERROR;
				CLANG_WARN_RANGE_LOOP_ANALYSIS = YES;
				CLANG_WARN_STRICT_PROTOTYPES = YES;
				CLANG_WARN_SUSPICIOUS_MOVE = YES;
				CLANG_WARN_UNGUARDED_AVAILABILITY = YES_AGGRESSIVE;
				CLANG_WARN_UNREACHABLE_CODE = YES;
				CLANG_WARN__DUPLICATE_METHOD_MATCH = YES;
				COPY_PHASE_STRIP = NO;
				CURRENT_PROJECT_VERSION = 1;
				DEBUG_INFORMATION_FORMAT = dwarf;
				ENABLE_STRICT_OBJC_MSGSEND = YES;
				ENABLE_TESTABILITY = YES;
				GCC_C_LANGUAGE_STANDARD = gnu11;
				GCC_DYNAMIC_NO_PIC = NO;
				GCC_NO_COMMON_BLOCKS = YES;
				GCC_OPTIMIZATION_LEVEL = 0;
				GCC_PREPROCESSOR_DEFINITIONS = (
					"DEBUG=1",
					"$(inherited)",
				);
				GCC_WARN_64_TO_32_BIT_CONVERSION = YES;
				GCC_WARN_ABOUT_RETURN_TYPE = YES_ERROR;
				GCC_WARN_UNDECLARED_SELECTOR = YES;
				GCC_WARN_UNINITIALIZED_AUTOS = YES_AGGRESSIVE;
				GCC_WARN_UNUSED_FUNCTION = YES;
				GCC_WARN_UNUSED_VARIABLE = YES;
				IPHONEOS_DEPLOYMENT_TARGET = 13.1;
				MTL_ENABLE_DEBUG_INFO = INCLUDE_SOURCE;
				MTL_FAST_MATH = YES;
				ONLY_ACTIVE_ARCH = YES;
				SDKROOT = iphoneos;
				SWIFT_ACTIVE_COMPILATION_CONDITIONS = DEBUG;
				SWIFT_OPTIMIZATION_LEVEL = "-Onone";
				VERSIONING_SYSTEM = "apple-generic";
				VERSION_INFO_PREFIX = "";
			};
			name = Debug;
		};
		E7F998AA23568FDD00D69078 /* Release */ = {
			isa = XCBuildConfiguration;
			buildSettings = {
				ALWAYS_SEARCH_USER_PATHS = NO;
				CLANG_ANALYZER_NONNULL = YES;
				CLANG_ANALYZER_NUMBER_OBJECT_CONVERSION = YES_AGGRESSIVE;
				CLANG_CXX_LANGUAGE_STANDARD = "gnu++14";
				CLANG_CXX_LIBRARY = "libc++";
				CLANG_ENABLE_MODULES = YES;
				CLANG_ENABLE_OBJC_ARC = YES;
				CLANG_ENABLE_OBJC_WEAK = YES;
				CLANG_WARN_BLOCK_CAPTURE_AUTORELEASING = YES;
				CLANG_WARN_BOOL_CONVERSION = YES;
				CLANG_WARN_COMMA = YES;
				CLANG_WARN_CONSTANT_CONVERSION = YES;
				CLANG_WARN_DEPRECATED_OBJC_IMPLEMENTATIONS = YES;
				CLANG_WARN_DIRECT_OBJC_ISA_USAGE = YES_ERROR;
				CLANG_WARN_DOCUMENTATION_COMMENTS = YES;
				CLANG_WARN_EMPTY_BODY = YES;
				CLANG_WARN_ENUM_CONVERSION = YES;
				CLANG_WARN_INFINITE_RECURSION = YES;
				CLANG_WARN_INT_CONVERSION = YES;
				CLANG_WARN_NON_LITERAL_NULL_CONVERSION = YES;
				CLANG_WARN_OBJC_IMPLICIT_RETAIN_SELF = YES;
				CLANG_WARN_OBJC_LITERAL_CONVERSION = YES;
				CLANG_WARN_OBJC_ROOT_CLASS = YES_ERROR;
				CLANG_WARN_RANGE_LOOP_ANALYSIS = YES;
				CLANG_WARN_STRICT_PROTOTYPES = YES;
				CLANG_WARN_SUSPICIOUS_MOVE = YES;
				CLANG_WARN_UNGUARDED_AVAILABILITY = YES_AGGRESSIVE;
				CLANG_WARN_UNREACHABLE_CODE = YES;
				CLANG_WARN__DUPLICATE_METHOD_MATCH = YES;
				COPY_PHASE_STRIP = NO;
				CURRENT_PROJECT_VERSION = 1;
				DEBUG_INFORMATION_FORMAT = "dwarf-with-dsym";
				ENABLE_NS_ASSERTIONS = NO;
				ENABLE_STRICT_OBJC_MSGSEND = YES;
				GCC_C_LANGUAGE_STANDARD = gnu11;
				GCC_NO_COMMON_BLOCKS = YES;
				GCC_WARN_64_TO_32_BIT_CONVERSION = YES;
				GCC_WARN_ABOUT_RETURN_TYPE = YES_ERROR;
				GCC_WARN_UNDECLARED_SELECTOR = YES;
				GCC_WARN_UNINITIALIZED_AUTOS = YES_AGGRESSIVE;
				GCC_WARN_UNUSED_FUNCTION = YES;
				GCC_WARN_UNUSED_VARIABLE = YES;
				IPHONEOS_DEPLOYMENT_TARGET = 13.1;
				MTL_ENABLE_DEBUG_INFO = NO;
				MTL_FAST_MATH = YES;
				SDKROOT = iphoneos;
				SWIFT_COMPILATION_MODE = wholemodule;
				SWIFT_OPTIMIZATION_LEVEL = "-O";
				VALIDATE_PRODUCT = YES;
				VERSIONING_SYSTEM = "apple-generic";
				VERSION_INFO_PREFIX = "";
			};
			name = Release;
		};
		E7F998AC23568FDD00D69078 /* Debug */ = {
			isa = XCBuildConfiguration;
			buildSettings = {
				CLANG_ENABLE_MODULES = YES;
				CODE_SIGN_STYLE = Automatic;
				DEFINES_MODULE = YES;
				DYLIB_COMPATIBILITY_VERSION = 1;
				DYLIB_CURRENT_VERSION = 1;
				DYLIB_INSTALL_NAME_BASE = "@rpath";
				INFOPLIST_FILE = Delorian/Info.plist;
				INSTALL_PATH = "$(LOCAL_LIBRARY_DIR)/Frameworks";
				LD_RUNPATH_SEARCH_PATHS = (
					"$(inherited)",
					"@executable_path/Frameworks",
					"@loader_path/Frameworks",
				);
				PRODUCT_BUNDLE_IDENTIFIER = com.ethyeal.Delorian;
				PRODUCT_NAME = "$(TARGET_NAME:c99extidentifier)";
				SKIP_INSTALL = YES;
				SWIFT_OPTIMIZATION_LEVEL = "-Onone";
				SWIFT_VERSION = 5.0;
				TARGETED_DEVICE_FAMILY = "1,2";
			};
			name = Debug;
		};
		E7F998AD23568FDD00D69078 /* Release */ = {
			isa = XCBuildConfiguration;
			buildSettings = {
				CLANG_ENABLE_MODULES = YES;
				CODE_SIGN_STYLE = Automatic;
				DEFINES_MODULE = YES;
				DYLIB_COMPATIBILITY_VERSION = 1;
				DYLIB_CURRENT_VERSION = 1;
				DYLIB_INSTALL_NAME_BASE = "@rpath";
				INFOPLIST_FILE = Delorian/Info.plist;
				INSTALL_PATH = "$(LOCAL_LIBRARY_DIR)/Frameworks";
				LD_RUNPATH_SEARCH_PATHS = (
					"$(inherited)",
					"@executable_path/Frameworks",
					"@loader_path/Frameworks",
				);
				PRODUCT_BUNDLE_IDENTIFIER = com.ethyeal.Delorian;
				PRODUCT_NAME = "$(TARGET_NAME:c99extidentifier)";
				SKIP_INSTALL = YES;
				SWIFT_VERSION = 5.0;
				TARGETED_DEVICE_FAMILY = "1,2";
			};
			name = Release;
		};
		E7F998AF23568FDD00D69078 /* Debug */ = {
			isa = XCBuildConfiguration;
			buildSettings = {
				ALWAYS_EMBED_SWIFT_STANDARD_LIBRARIES = YES;
				CODE_SIGN_STYLE = Automatic;
				INFOPLIST_FILE = DelorianTests/Info.plist;
				LD_RUNPATH_SEARCH_PATHS = (
					"$(inherited)",
					"@executable_path/Frameworks",
					"@loader_path/Frameworks",
				);
				PRODUCT_BUNDLE_IDENTIFIER = com.ethyeal.DelorianTests;
				PRODUCT_NAME = "$(TARGET_NAME)";
				SWIFT_VERSION = 5.0;
				TARGETED_DEVICE_FAMILY = "1,2";
			};
			name = Debug;
		};
		E7F998B023568FDD00D69078 /* Release */ = {
			isa = XCBuildConfiguration;
			buildSettings = {
				ALWAYS_EMBED_SWIFT_STANDARD_LIBRARIES = YES;
				CODE_SIGN_STYLE = Automatic;
				INFOPLIST_FILE = DelorianTests/Info.plist;
				LD_RUNPATH_SEARCH_PATHS = (
					"$(inherited)",
					"@executable_path/Frameworks",
					"@loader_path/Frameworks",
				);
				PRODUCT_BUNDLE_IDENTIFIER = com.ethyeal.DelorianTests;
				PRODUCT_NAME = "$(TARGET_NAME)";
				SWIFT_VERSION = 5.0;
				TARGETED_DEVICE_FAMILY = "1,2";
			};
			name = Release;
		};
/* End XCBuildConfiguration section */

/* Begin XCConfigurationList section */
		E7F9989123568FDD00D69078 /* Build configuration list for PBXProject "Delorian" */ = {
			isa = XCConfigurationList;
			buildConfigurations = (
				E7F998A923568FDD00D69078 /* Debug */,
				E7F998AA23568FDD00D69078 /* Release */,
			);
			defaultConfigurationIsVisible = 0;
			defaultConfigurationName = Release;
		};
		E7F998AB23568FDD00D69078 /* Build configuration list for PBXNativeTarget "Delorian" */ = {
			isa = XCConfigurationList;
			buildConfigurations = (
				E7F998AC23568FDD00D69078 /* Debug */,
				E7F998AD23568FDD00D69078 /* Release */,
			);
			defaultConfigurationIsVisible = 0;
			defaultConfigurationName = Release;
		};
		E7F998AE23568FDD00D69078 /* Build configuration list for PBXNativeTarget "DelorianTests" */ = {
			isa = XCConfigurationList;
			buildConfigurations = (
				E7F998AF23568FDD00D69078 /* Debug */,
				E7F998B023568FDD00D69078 /* Release */,
			);
			defaultConfigurationIsVisible = 0;
			defaultConfigurationName = Release;
		};
/* End XCConfigurationList section */
	};
	rootObject = E7F9988E23568FDD00D69078 /* Project object */;
}
